
Microsoft Visual Studio Solution File, Format Version 12.00
# Visual Studio 15
VisualStudioVersion = 15.0.27428.2027
MinimumVisualStudioVersion = 10.0.40219.1
Project("{FAE04EC0-301F-11D3-BF4B-00C04F79EFBC}") = "MedicalCard", "MedicalCard\MedicalCard.csproj", "{6ECDAAB8-E29D-4BCD-B790-002943FA7BE7}"
EndProject
Global
	GlobalSection(SolutionConfigurationPlatforms) = preSolution
		Debug|Any CPU = Debug|Any CPU
		Release|Any CPU = Release|Any CPU
	EndGlobalSection
	GlobalSection(ProjectConfigurationPlatforms) = postSolution
		{6ECDAAB8-E29D-4BCD-B790-002943FA7BE7}.Debug|Any CPU.ActiveCfg = Debug|Any CPU
		{6ECDAAB8-E29D-4BCD-B790-002943FA7BE7}.Debug|Any CPU.Build.0 = Debug|Any CPU
		{6ECDAAB8-E29D-4BCD-B790-002943FA7BE7}.Release|Any CPU.ActiveCfg = Release|Any CPU
		{6ECDAAB8-E29D-4BCD-B790-002943FA7BE7}.Release|Any CPU.Build.0 = Release|Any CPU
	EndGlobalSection
	GlobalSection(SolutionProperties) = preSolution
		HideSolutionNode = FALSE
	EndGlobalSection
	GlobalSection(ExtensibilityGlobals) = postSolution
		SolutionGuid = {3145BAC2-B316-4769-B3B8-74D3A119A9CB}
	EndGlobalSection
EndGlobal
